
Microsoft Visual Studio Solution File, Format Version 12.00
# Visual Studio 15
VisualStudioVersion = 15.0.26730.12
MinimumVisualStudioVersion = 10.0.40219.1
Project("{2150E333-8FDC-42A3-9474-1A3956D46DE8}") = "IoT.Controller", "IoT.Controller", "{5C4F4674-95EE-4623-A71D-6F0A1B25E330}"
EndProject
Project("{8BC9CEB8-8B4A-11D0-8D11-00A0C91BC942}") = "ESP8266", "IoT.Controller\ESP8266\ESP8266.vcxproj", "{C5F80730-F44F-4478-BDAE-6634EFC2CA88}"
EndProject
Project("{9A19103F-16F7-4668-BE54-9A1E7A4F7556}") = "IoT.TestConsoleApp", "IoT.TestConsoleApp\IoT.TestConsoleApp.csproj", "{FD9136F9-FB6E-4804-A67D-32E1BD4181C5}"
EndProject
Project("{9A19103F-16F7-4668-BE54-9A1E7A4F7556}") = "IoT.Resources", "IoT.Resources\IoT.Resources.csproj", "{0E718416-EFC6-47BC-8DEF-6944A8E1727A}"
EndProject
Project("{9A19103F-16F7-4668-BE54-9A1E7A4F7556}") = "IoT.UnitTests", "IoT.UnitTests\IoT.UnitTests.csproj", "{FBDCBEA6-D6FB-403A-83F0-4395AB58D40A}"
EndProject
Project("{9A19103F-16F7-4668-BE54-9A1E7A4F7556}") = "IoT.WebMVC", "IoT.WebMVC\IoT.WebMVC.csproj", "{26E41476-5F1E-464B-B7EB-E863EA101AD0}"
EndProject
Project("{2150E333-8FDC-42A3-9474-1A3956D46DE8}") = "Data", "Data", "{E28B5067-CC5A-4D76-A585-16D71B85981A}"
EndProject
Project("{2150E333-8FDC-42A3-9474-1A3956D46DE8}") = "WSManager", "WSManager", "{CCC61C75-384E-4674-9101-73BF91914F05}"
EndProject
Project("{9A19103F-16F7-4668-BE54-9A1E7A4F7556}") = "IoT.Data.Contracts", "IoT.Data.Contracts\IoT.Data.Contracts.csproj", "{A6E16D6B-2D6C-4E3D-9913-0D5293A21916}"
EndProject
Project("{9A19103F-16F7-4668-BE54-9A1E7A4F7556}") = "IoT.WSManager", "IoT.WSManager\IoT.WSManager.csproj", "{15578A75-A779-48E3-805F-A5A3BF457C30}"
EndProject
Project("{9A19103F-16F7-4668-BE54-9A1E7A4F7556}") = "IoT.WSManager.Client", "IoT.WSManager.Client\IoT.WSManager.Client.csproj", "{E7AD46E3-6AE6-4A1C-9174-51012BC409CF}"
EndProject
Project("{9A19103F-16F7-4668-BE54-9A1E7A4F7556}") = "IoT.WSManager.Common", "IoT.WSManager.Common\IoT.WSManager.Common.csproj", "{4977AF1B-918F-47D6-BF28-B6D8A3A99359}"
EndProject
Global
	GlobalSection(SolutionConfigurationPlatforms) = preSolution
		Debug|Any CPU = Debug|Any CPU
		Debug|x86 = Debug|x86
		Release|Any CPU = Release|Any CPU
		Release|x86 = Release|x86
	EndGlobalSection
	GlobalSection(ProjectConfigurationPlatforms) = postSolution
		{C5F80730-F44F-4478-BDAE-6634EFC2CA88}.Debug|Any CPU.ActiveCfg = Debug|Win32
		{C5F80730-F44F-4478-BDAE-6634EFC2CA88}.Debug|x86.ActiveCfg = Debug|Win32
		{C5F80730-F44F-4478-BDAE-6634EFC2CA88}.Debug|x86.Build.0 = Debug|Win32
		{C5F80730-F44F-4478-BDAE-6634EFC2CA88}.Release|Any CPU.ActiveCfg = Release|Win32
		{C5F80730-F44F-4478-BDAE-6634EFC2CA88}.Release|x86.ActiveCfg = Release|Win32
		{C5F80730-F44F-4478-BDAE-6634EFC2CA88}.Release|x86.Build.0 = Release|Win32
		{FD9136F9-FB6E-4804-A67D-32E1BD4181C5}.Debug|Any CPU.ActiveCfg = Debug|Any CPU
		{FD9136F9-FB6E-4804-A67D-32E1BD4181C5}.Debug|Any CPU.Build.0 = Debug|Any CPU
		{FD9136F9-FB6E-4804-A67D-32E1BD4181C5}.Debug|x86.ActiveCfg = Debug|Any CPU
		{FD9136F9-FB6E-4804-A67D-32E1BD4181C5}.Debug|x86.Build.0 = Debug|Any CPU
		{FD9136F9-FB6E-4804-A67D-32E1BD4181C5}.Release|Any CPU.ActiveCfg = Release|Any CPU
		{FD9136F9-FB6E-4804-A67D-32E1BD4181C5}.Release|Any CPU.Build.0 = Release|Any CPU
		{FD9136F9-FB6E-4804-A67D-32E1BD4181C5}.Release|x86.ActiveCfg = Release|Any CPU
		{FD9136F9-FB6E-4804-A67D-32E1BD4181C5}.Release|x86.Build.0 = Release|Any CPU
		{0E718416-EFC6-47BC-8DEF-6944A8E1727A}.Debug|Any CPU.ActiveCfg = Debug|Any CPU
		{0E718416-EFC6-47BC-8DEF-6944A8E1727A}.Debug|Any CPU.Build.0 = Debug|Any CPU
		{0E718416-EFC6-47BC-8DEF-6944A8E1727A}.Debug|x86.ActiveCfg = Debug|Any CPU
		{0E718416-EFC6-47BC-8DEF-6944A8E1727A}.Debug|x86.Build.0 = Debug|Any CPU
		{0E718416-EFC6-47BC-8DEF-6944A8E1727A}.Release|Any CPU.ActiveCfg = Release|Any CPU
		{0E718416-EFC6-47BC-8DEF-6944A8E1727A}.Release|Any CPU.Build.0 = Release|Any CPU
		{0E718416-EFC6-47BC-8DEF-6944A8E1727A}.Release|x86.ActiveCfg = Release|Any CPU
		{0E718416-EFC6-47BC-8DEF-6944A8E1727A}.Release|x86.Build.0 = Release|Any CPU
		{FBDCBEA6-D6FB-403A-83F0-4395AB58D40A}.Debug|Any CPU.ActiveCfg = Debug|Any CPU
		{FBDCBEA6-D6FB-403A-83F0-4395AB58D40A}.Debug|Any CPU.Build.0 = Debug|Any CPU
		{FBDCBEA6-D6FB-403A-83F0-4395AB58D40A}.Debug|x86.ActiveCfg = Debug|Any CPU
		{FBDCBEA6-D6FB-403A-83F0-4395AB58D40A}.Debug|x86.Build.0 = Debug|Any CPU
		{FBDCBEA6-D6FB-403A-83F0-4395AB58D40A}.Release|Any CPU.ActiveCfg = Release|Any CPU
		{FBDCBEA6-D6FB-403A-83F0-4395AB58D40A}.Release|Any CPU.Build.0 = Release|Any CPU
		{FBDCBEA6-D6FB-403A-83F0-4395AB58D40A}.Release|x86.ActiveCfg = Release|Any CPU
		{FBDCBEA6-D6FB-403A-83F0-4395AB58D40A}.Release|x86.Build.0 = Release|Any CPU
		{26E41476-5F1E-464B-B7EB-E863EA101AD0}.Debug|Any CPU.ActiveCfg = Debug|Any CPU
		{26E41476-5F1E-464B-B7EB-E863EA101AD0}.Debug|Any CPU.Build.0 = Debug|Any CPU
		{26E41476-5F1E-464B-B7EB-E863EA101AD0}.Debug|x86.ActiveCfg = Debug|Any CPU
		{26E41476-5F1E-464B-B7EB-E863EA101AD0}.Debug|x86.Build.0 = Debug|Any CPU
		{26E41476-5F1E-464B-B7EB-E863EA101AD0}.Release|Any CPU.ActiveCfg = Release|Any CPU
		{26E41476-5F1E-464B-B7EB-E863EA101AD0}.Release|Any CPU.Build.0 = Release|Any CPU
		{26E41476-5F1E-464B-B7EB-E863EA101AD0}.Release|x86.ActiveCfg = Release|Any CPU
		{26E41476-5F1E-464B-B7EB-E863EA101AD0}.Release|x86.Build.0 = Release|Any CPU
		{A6E16D6B-2D6C-4E3D-9913-0D5293A21916}.Debug|Any CPU.ActiveCfg = Debug|Any CPU
		{A6E16D6B-2D6C-4E3D-9913-0D5293A21916}.Debug|Any CPU.Build.0 = Debug|Any CPU
		{A6E16D6B-2D6C-4E3D-9913-0D5293A21916}.Debug|x86.ActiveCfg = Debug|Any CPU
		{A6E16D6B-2D6C-4E3D-9913-0D5293A21916}.Debug|x86.Build.0 = Debug|Any CPU
		{A6E16D6B-2D6C-4E3D-9913-0D5293A21916}.Release|Any CPU.ActiveCfg = Release|Any CPU
		{A6E16D6B-2D6C-4E3D-9913-0D5293A21916}.Release|Any CPU.Build.0 = Release|Any CPU
		{A6E16D6B-2D6C-4E3D-9913-0D5293A21916}.Release|x86.ActiveCfg = Release|Any CPU
		{A6E16D6B-2D6C-4E3D-9913-0D5293A21916}.Release|x86.Build.0 = Release|Any CPU
		{15578A75-A779-48E3-805F-A5A3BF457C30}.Debug|Any CPU.ActiveCfg = Debug|Any CPU
		{15578A75-A779-48E3-805F-A5A3BF457C30}.Debug|Any CPU.Build.0 = Debug|Any CPU
		{15578A75-A779-48E3-805F-A5A3BF457C30}.Debug|x86.ActiveCfg = Debug|Any CPU
		{15578A75-A779-48E3-805F-A5A3BF457C30}.Debug|x86.Build.0 = Debug|Any CPU
		{15578A75-A779-48E3-805F-A5A3BF457C30}.Release|Any CPU.ActiveCfg = Release|Any CPU
		{15578A75-A779-48E3-805F-A5A3BF457C30}.Release|Any CPU.Build.0 = Release|Any CPU
		{15578A75-A779-48E3-805F-A5A3BF457C30}.Release|x86.ActiveCfg = Release|Any CPU
		{15578A75-A779-48E3-805F-A5A3BF457C30}.Release|x86.Build.0 = Release|Any CPU
		{E7AD46E3-6AE6-4A1C-9174-51012BC409CF}.Debug|Any CPU.ActiveCfg = Debug|Any CPU
		{E7AD46E3-6AE6-4A1C-9174-51012BC409CF}.Debug|Any CPU.Build.0 = Debug|Any CPU
		{E7AD46E3-6AE6-4A1C-9174-51012BC409CF}.Debug|x86.ActiveCfg = Debug|Any CPU
		{E7AD46E3-6AE6-4A1C-9174-51012BC409CF}.Debug|x86.Build.0 = Debug|Any CPU
		{E7AD46E3-6AE6-4A1C-9174-51012BC409CF}.Release|Any CPU.ActiveCfg = Release|Any CPU
		{E7AD46E3-6AE6-4A1C-9174-51012BC409CF}.Release|Any CPU.Build.0 = Release|Any CPU
		{E7AD46E3-6AE6-4A1C-9174-51012BC409CF}.Release|x86.ActiveCfg = Release|Any CPU
		{E7AD46E3-6AE6-4A1C-9174-51012BC409CF}.Release|x86.Build.0 = Release|Any CPU
		{4977AF1B-918F-47D6-BF28-B6D8A3A99359}.Debug|Any CPU.ActiveCfg = Debug|Any CPU
		{4977AF1B-918F-47D6-BF28-B6D8A3A99359}.Debug|Any CPU.Build.0 = Debug|Any CPU
		{4977AF1B-918F-47D6-BF28-B6D8A3A99359}.Debug|x86.ActiveCfg = Debug|Any CPU
		{4977AF1B-918F-47D6-BF28-B6D8A3A99359}.Debug|x86.Build.0 = Debug|Any CPU
		{4977AF1B-918F-47D6-BF28-B6D8A3A99359}.Release|Any CPU.ActiveCfg = Release|Any CPU
		{4977AF1B-918F-47D6-BF28-B6D8A3A99359}.Release|Any CPU.Build.0 = Release|Any CPU
		{4977AF1B-918F-47D6-BF28-B6D8A3A99359}.Release|x86.ActiveCfg = Release|Any CPU
		{4977AF1B-918F-47D6-BF28-B6D8A3A99359}.Release|x86.Build.0 = Release|Any CPU
	EndGlobalSection
	GlobalSection(SolutionProperties) = preSolution
		HideSolutionNode = FALSE
	EndGlobalSection
	GlobalSection(NestedProjects) = preSolution
		{C5F80730-F44F-4478-BDAE-6634EFC2CA88} = {5C4F4674-95EE-4623-A71D-6F0A1B25E330}
		{A6E16D6B-2D6C-4E3D-9913-0D5293A21916} = {E28B5067-CC5A-4D76-A585-16D71B85981A}
		{15578A75-A779-48E3-805F-A5A3BF457C30} = {CCC61C75-384E-4674-9101-73BF91914F05}
		{E7AD46E3-6AE6-4A1C-9174-51012BC409CF} = {CCC61C75-384E-4674-9101-73BF91914F05}
		{4977AF1B-918F-47D6-BF28-B6D8A3A99359} = {CCC61C75-384E-4674-9101-73BF91914F05}
	EndGlobalSection
	GlobalSection(ExtensibilityGlobals) = postSolution
		SolutionGuid = {D9E22640-97AE-43E5-A073-8673D93B2E9A}
	EndGlobalSection
EndGlobal
